
Microsoft Visual Studio Solution File, Format Version 12.00
# Visual Studio Version 17
VisualStudioVersion = 17.0.32014.148
MinimumVisualStudioVersion = 10.0.40219.1
Project("{2150E333-8FDC-42A3-9474-1A3956D46DE8}") = "1_DataAccess", "1_DataAccess", "{17445242-6C02-4256-8112-F044A6482545}"
EndProject
Project("{2150E333-8FDC-42A3-9474-1A3956D46DE8}") = "2_Services", "2_Services", "{65C45607-87A5-4215-9497-8E49B6DB9E96}"
EndProject
Project("{2150E333-8FDC-42A3-9474-1A3956D46DE8}") = "3_Presentation", "3_Presentation", "{27688894-366A-49D7-95BA-854ADC708E7A}"
EndProject
Project("{9A19103F-16F7-4668-BE54-9A1E7A4F7556}") = "DataAccess", "Entities\DataAccess.csproj", "{043D071D-C22A-4AC6-A80A-1CECB4C5713A}"
EndProject
Project("{9A19103F-16F7-4668-BE54-9A1E7A4F7556}") = "Services", "Services\Services.csproj", "{B97DCFCF-F804-4C08-BBE3-6D098B6A4AE6}"
EndProject
Project("{9A19103F-16F7-4668-BE54-9A1E7A4F7556}") = "Presentation", "Presentation\Presentation.csproj", "{8E9C4A3F-C343-4D4D-BB43-11BF7BEFBF6B}"
EndProject
Global
	GlobalSection(SolutionConfigurationPlatforms) = preSolution
		Debug|Any CPU = Debug|Any CPU
		Release|Any CPU = Release|Any CPU
	EndGlobalSection
	GlobalSection(ProjectConfigurationPlatforms) = postSolution
		{043D071D-C22A-4AC6-A80A-1CECB4C5713A}.Debug|Any CPU.ActiveCfg = Debug|Any CPU
		{043D071D-C22A-4AC6-A80A-1CECB4C5713A}.Debug|Any CPU.Build.0 = Debug|Any CPU
		{043D071D-C22A-4AC6-A80A-1CECB4C5713A}.Release|Any CPU.ActiveCfg = Release|Any CPU
		{043D071D-C22A-4AC6-A80A-1CECB4C5713A}.Release|Any CPU.Build.0 = Release|Any CPU
		{B97DCFCF-F804-4C08-BBE3-6D098B6A4AE6}.Debug|Any CPU.ActiveCfg = Debug|Any CPU
		{B97DCFCF-F804-4C08-BBE3-6D098B6A4AE6}.Debug|Any CPU.Build.0 = Debug|Any CPU
		{B97DCFCF-F804-4C08-BBE3-6D098B6A4AE6}.Release|Any CPU.ActiveCfg = Release|Any CPU
		{B97DCFCF-F804-4C08-BBE3-6D098B6A4AE6}.Release|Any CPU.Build.0 = Release|Any CPU
		{8E9C4A3F-C343-4D4D-BB43-11BF7BEFBF6B}.Debug|Any CPU.ActiveCfg = Debug|Any CPU
		{8E9C4A3F-C343-4D4D-BB43-11BF7BEFBF6B}.Debug|Any CPU.Build.0 = Debug|Any CPU
		{8E9C4A3F-C343-4D4D-BB43-11BF7BEFBF6B}.Release|Any CPU.ActiveCfg = Release|Any CPU
		{8E9C4A3F-C343-4D4D-BB43-11BF7BEFBF6B}.Release|Any CPU.Build.0 = Release|Any CPU
	EndGlobalSection
	GlobalSection(SolutionProperties) = preSolution
		HideSolutionNode = FALSE
	EndGlobalSection
	GlobalSection(NestedProjects) = preSolution
		{043D071D-C22A-4AC6-A80A-1CECB4C5713A} = {17445242-6C02-4256-8112-F044A6482545}
		{B97DCFCF-F804-4C08-BBE3-6D098B6A4AE6} = {65C45607-87A5-4215-9497-8E49B6DB9E96}
		{8E9C4A3F-C343-4D4D-BB43-11BF7BEFBF6B} = {27688894-366A-49D7-95BA-854ADC708E7A}
	EndGlobalSection
	GlobalSection(ExtensibilityGlobals) = postSolution
		SolutionGuid = {5D3623E2-C1E4-4969-8F30-4831AFFB2C86}
	EndGlobalSection
EndGlobal
